{
  "name": "@lambdatest/smartui-cli",
  "version": "1.0.2",
  "lockfileVersion": 2,
  "requires": true,
  "packages": {
    "": {
      "name": "@lambdatest/smartui-cli",
      "version": "1.0.2",
      "license": "MIT",
      "dependencies": {
        "@lambdatest/smartui-core": "1.0.2",
        "@lambdatest/smartui-logger": "1.0.2",
        "commander": "^11.0.0",
        "fs": "^0.0.1-security",
        "path": "^0.12.7",
        "url": "^0.11.1"
      },
      "bin": {
        "smartui": "src/index.js"
      },
      "devDependencies": {
        "@lambdatest/smartui-core": "file:../core",
        "@lambdatest/smartui-logger": "file:../logger"
      }
    },
    "../core": {
      "name": "@lambdatest/smartui-core",
      "version": "1.0.2",
      "dev": true,
      "license": "MIT",
      "dependencies": {
        "axios": "^1.4.0",
        "chalk": "^5.3.0",
        "cli-table3": "^0.6.3",
        "playwright": "^1.36.1"
      }
    },
    "../core/node_modules/@colors/colors": {
      "version": "1.5.0",
      "dev": true,
      "license": "MIT",
      "optional": true,
      "engines": {
        "node": ">=0.1.90"
      }
    },
    "../core/node_modules/asynckit": {
      "version": "0.4.0",
      "dev": true,
      "license": "MIT"
    },
    "../core/node_modules/axios": {
      "version": "1.4.0",
      "dev": true,
      "license": "MIT",
      "dependencies": {
        "follow-redirects": "^1.15.0",
        "form-data": "^4.0.0",
        "proxy-from-env": "^1.1.0"
      }
    },
    "../core/node_modules/chalk": {
      "version": "5.3.0",
      "dev": true,
      "license": "MIT",
      "engines": {
        "node": "^12.17.0 || ^14.13 || >=16.0.0"
      },
      "funding": {
        "url": "https://github.com/chalk/chalk?sponsor=1"
      }
    },
    "../core/node_modules/cli-table3": {
      "version": "0.6.3",
      "dev": true,
      "license": "MIT",
      "dependencies": {
        "string-width": "^4.2.0"
      },
      "engines": {
        "node": "10.* || >= 12.*"
      },
      "optionalDependencies": {
        "@colors/colors": "1.5.0"
      }
    },
    "../core/node_modules/cli-table3/node_modules/ansi-regex": {
      "version": "5.0.1",
      "dev": true,
      "license": "MIT",
      "engines": {
        "node": ">=8"
      }
    },
    "../core/node_modules/cli-table3/node_modules/emoji-regex": {
      "version": "8.0.0",
      "dev": true,
      "license": "MIT"
    },
    "../core/node_modules/cli-table3/node_modules/string-width": {
      "version": "4.2.3",
      "dev": true,
      "license": "MIT",
      "dependencies": {
        "emoji-regex": "^8.0.0",
        "is-fullwidth-code-point": "^3.0.0",
        "strip-ansi": "^6.0.1"
      },
      "engines": {
        "node": ">=8"
      }
    },
    "../core/node_modules/cli-table3/node_modules/strip-ansi": {
      "version": "6.0.1",
      "dev": true,
      "license": "MIT",
      "dependencies": {
        "ansi-regex": "^5.0.1"
      },
      "engines": {
        "node": ">=8"
      }
    },
    "../core/node_modules/combined-stream": {
      "version": "1.0.8",
      "dev": true,
      "license": "MIT",
      "dependencies": {
        "delayed-stream": "~1.0.0"
      },
      "engines": {
        "node": ">= 0.8"
      }
    },
    "../core/node_modules/delayed-stream": {
      "version": "1.0.0",
      "dev": true,
      "license": "MIT",
      "engines": {
        "node": ">=0.4.0"
      }
    },
    "../core/node_modules/follow-redirects": {
      "version": "1.15.2",
      "dev": true,
      "funding": [
        {
          "type": "individual",
          "url": "https://github.com/sponsors/RubenVerborgh"
        }
      ],
      "license": "MIT",
      "engines": {
        "node": ">=4.0"
      },
      "peerDependenciesMeta": {
        "debug": {
          "optional": true
        }
      }
    },
    "../core/node_modules/form-data": {
      "version": "4.0.0",
      "dev": true,
      "license": "MIT",
      "dependencies": {
        "asynckit": "^0.4.0",
        "combined-stream": "^1.0.8",
        "mime-types": "^2.1.12"
      },
      "engines": {
        "node": ">= 6"
      }
    },
    "../core/node_modules/is-fullwidth-code-point": {
      "version": "3.0.0",
      "dev": true,
      "license": "MIT",
      "engines": {
        "node": ">=8"
      }
    },
    "../core/node_modules/mime-db": {
      "version": "1.52.0",
      "dev": true,
      "license": "MIT",
      "engines": {
        "node": ">= 0.6"
      }
    },
    "../core/node_modules/mime-types": {
      "version": "2.1.35",
      "dev": true,
      "license": "MIT",
      "dependencies": {
        "mime-db": "1.52.0"
      },
      "engines": {
        "node": ">= 0.6"
      }
    },
    "../core/node_modules/playwright": {
      "version": "1.36.1",
      "dev": true,
      "hasInstallScript": true,
      "license": "Apache-2.0",
      "dependencies": {
        "playwright-core": "1.36.1"
      },
      "bin": {
        "playwright": "cli.js"
      },
      "engines": {
        "node": ">=16"
      }
    },
    "../core/node_modules/playwright-core": {
      "version": "1.36.1",
      "dev": true,
      "license": "Apache-2.0",
      "bin": {
        "playwright-core": "cli.js"
      },
      "engines": {
        "node": ">=16"
      }
    },
    "../core/node_modules/proxy-from-env": {
      "version": "1.1.0",
      "dev": true,
      "license": "MIT"
    },
    "../logger": {
      "name": "@lambdatest/smartui-logger",
      "version": "1.0.2",
      "dev": true,
      "license": "MIT",
      "dependencies": {
        "chalk": "^5.3.0",
        "winston": "^3.10.0"
      }
    },
    "../logger/node_modules/@colors/colors": {
      "version": "1.5.0",
      "dev": true,
      "license": "MIT",
      "engines": {
        "node": ">=0.1.90"
      }
    },
    "../logger/node_modules/@dabh/diagnostics": {
      "version": "2.0.3",
      "dev": true,
      "license": "MIT",
      "dependencies": {
        "colorspace": "1.1.x",
        "enabled": "2.0.x",
        "kuler": "^2.0.0"
      }
    },
    "../logger/node_modules/@types/triple-beam": {
      "version": "1.3.2",
      "dev": true,
      "license": "MIT"
    },
    "../logger/node_modules/async": {
      "version": "3.2.4",
      "dev": true,
      "license": "MIT"
    },
    "../logger/node_modules/chalk": {
      "version": "5.3.0",
      "dev": true,
      "license": "MIT",
      "engines": {
        "node": "^12.17.0 || ^14.13 || >=16.0.0"
      },
      "funding": {
        "url": "https://github.com/chalk/chalk?sponsor=1"
      }
    },
    "../logger/node_modules/color": {
      "version": "3.2.1",
      "dev": true,
      "license": "MIT",
      "dependencies": {
        "color-convert": "^1.9.3",
        "color-string": "^1.6.0"
      }
    },
    "../logger/node_modules/color-convert": {
      "version": "1.9.3",
      "dev": true,
      "license": "MIT",
      "dependencies": {
        "color-name": "1.1.3"
      }
    },
    "../logger/node_modules/color-name": {
      "version": "1.1.3",
      "dev": true,
      "license": "MIT"
    },
    "../logger/node_modules/color-string": {
      "version": "1.9.1",
      "dev": true,
      "license": "MIT",
      "dependencies": {
        "color-name": "^1.0.0",
        "simple-swizzle": "^0.2.2"
      }
    },
    "../logger/node_modules/colorspace": {
      "version": "1.1.4",
      "dev": true,
      "license": "MIT",
      "dependencies": {
        "color": "^3.1.3",
        "text-hex": "1.0.x"
      }
    },
    "../logger/node_modules/enabled": {
      "version": "2.0.0",
      "dev": true,
      "license": "MIT"
    },
    "../logger/node_modules/fecha": {
      "version": "4.2.3",
      "dev": true,
      "license": "MIT"
    },
    "../logger/node_modules/fn.name": {
      "version": "1.1.0",
      "dev": true,
      "license": "MIT"
    },
    "../logger/node_modules/inherits": {
      "version": "2.0.4",
      "dev": true,
      "license": "ISC"
    },
    "../logger/node_modules/is-arrayish": {
      "version": "0.3.2",
      "dev": true,
      "license": "MIT"
    },
    "../logger/node_modules/is-stream": {
      "version": "2.0.1",
      "dev": true,
      "license": "MIT",
      "engines": {
        "node": ">=8"
      },
      "funding": {
        "url": "https://github.com/sponsors/sindresorhus"
      }
    },
    "../logger/node_modules/kuler": {
      "version": "2.0.0",
      "dev": true,
      "license": "MIT"
    },
    "../logger/node_modules/logform": {
      "version": "2.5.1",
      "dev": true,
      "license": "MIT",
      "dependencies": {
        "@colors/colors": "1.5.0",
        "@types/triple-beam": "^1.3.2",
        "fecha": "^4.2.0",
        "ms": "^2.1.1",
        "safe-stable-stringify": "^2.3.1",
        "triple-beam": "^1.3.0"
      }
    },
    "../logger/node_modules/ms": {
      "version": "2.1.3",
      "dev": true,
      "license": "MIT"
    },
    "../logger/node_modules/one-time": {
      "version": "1.0.0",
      "dev": true,
      "license": "MIT",
      "dependencies": {
        "fn.name": "1.x.x"
      }
    },
    "../logger/node_modules/readable-stream": {
      "version": "3.6.2",
      "dev": true,
      "license": "MIT",
      "dependencies": {
        "inherits": "^2.0.3",
        "string_decoder": "^1.1.1",
        "util-deprecate": "^1.0.1"
      },
      "engines": {
        "node": ">= 6"
      }
    },
    "../logger/node_modules/safe-buffer": {
      "version": "5.2.1",
      "dev": true,
      "funding": [
        {
          "type": "github",
          "url": "https://github.com/sponsors/feross"
        },
        {
          "type": "patreon",
          "url": "https://www.patreon.com/feross"
        },
        {
          "type": "consulting",
          "url": "https://feross.org/support"
        }
      ],
      "license": "MIT"
    },
    "../logger/node_modules/safe-stable-stringify": {
      "version": "2.4.3",
      "dev": true,
      "license": "MIT",
      "engines": {
        "node": ">=10"
      }
    },
    "../logger/node_modules/simple-swizzle": {
      "version": "0.2.2",
      "dev": true,
      "license": "MIT",
      "dependencies": {
        "is-arrayish": "^0.3.1"
      }
    },
    "../logger/node_modules/stack-trace": {
      "version": "0.0.10",
      "dev": true,
      "license": "MIT",
      "engines": {
        "node": "*"
      }
    },
    "../logger/node_modules/string_decoder": {
      "version": "1.3.0",
      "dev": true,
      "license": "MIT",
      "dependencies": {
        "safe-buffer": "~5.2.0"
      }
    },
    "../logger/node_modules/text-hex": {
      "version": "1.0.0",
      "dev": true,
      "license": "MIT"
    },
    "../logger/node_modules/triple-beam": {
      "version": "1.4.1",
      "dev": true,
      "license": "MIT",
      "engines": {
        "node": ">= 14.0.0"
      }
    },
    "../logger/node_modules/util-deprecate": {
      "version": "1.0.2",
      "dev": true,
      "license": "MIT"
    },
    "../logger/node_modules/winston": {
      "version": "3.10.0",
      "dev": true,
      "license": "MIT",
      "dependencies": {
        "@colors/colors": "1.5.0",
        "@dabh/diagnostics": "^2.0.2",
        "async": "^3.2.3",
        "is-stream": "^2.0.0",
        "logform": "^2.4.0",
        "one-time": "^1.0.0",
        "readable-stream": "^3.4.0",
        "safe-stable-stringify": "^2.3.1",
        "stack-trace": "0.0.x",
        "triple-beam": "^1.3.0",
        "winston-transport": "^4.5.0"
      },
      "engines": {
        "node": ">= 12.0.0"
      }
    },
    "../logger/node_modules/winston-transport": {
      "version": "4.5.0",
      "dev": true,
      "license": "MIT",
      "dependencies": {
        "logform": "^2.3.2",
        "readable-stream": "^3.6.0",
        "triple-beam": "^1.3.0"
      },
      "engines": {
        "node": ">= 6.4.0"
      }
    },
    "node_modules/@lambdatest/smartui-core": {
      "resolved": "../core",
      "link": true
    },
    "node_modules/@lambdatest/smartui-logger": {
      "resolved": "../logger",
      "link": true
    },
    "node_modules/call-bind": {
      "version": "1.0.2",
      "license": "MIT",
      "dependencies": {
        "function-bind": "^1.1.1",
        "get-intrinsic": "^1.0.2"
      },
      "funding": {
        "url": "https://github.com/sponsors/ljharb"
      }
    },
    "node_modules/commander": {
      "version": "11.0.0",
      "license": "MIT",
      "engines": {
        "node": ">=16"
      }
    },
    "node_modules/fs": {
      "version": "0.0.1-security",
      "license": "ISC"
    },
    "node_modules/function-bind": {
      "version": "1.1.1",
      "license": "MIT"
    },
    "node_modules/get-intrinsic": {
      "version": "1.2.1",
      "license": "MIT",
      "dependencies": {
        "function-bind": "^1.1.1",
        "has": "^1.0.3",
        "has-proto": "^1.0.1",
        "has-symbols": "^1.0.3"
      },
      "funding": {
        "url": "https://github.com/sponsors/ljharb"
      }
    },
    "node_modules/has": {
      "version": "1.0.3",
      "license": "MIT",
      "dependencies": {
        "function-bind": "^1.1.1"
      },
      "engines": {
        "node": ">= 0.4.0"
      }
    },
    "node_modules/has-proto": {
      "version": "1.0.1",
      "license": "MIT",
      "engines": {
        "node": ">= 0.4"
      },
      "funding": {
        "url": "https://github.com/sponsors/ljharb"
      }
    },
    "node_modules/has-symbols": {
      "version": "1.0.3",
      "license": "MIT",
      "engines": {
        "node": ">= 0.4"
      },
      "funding": {
        "url": "https://github.com/sponsors/ljharb"
      }
    },
    "node_modules/object-inspect": {
      "version": "1.12.3",
      "license": "MIT",
      "funding": {
        "url": "https://github.com/sponsors/ljharb"
      }
    },
    "node_modules/path": {
      "version": "0.12.7",
      "license": "MIT",
      "dependencies": {
        "process": "^0.11.1",
        "util": "^0.10.3"
      }
    },
    "node_modules/process": {
      "version": "0.11.10",
      "license": "MIT",
      "engines": {
        "node": ">= 0.6.0"
      }
    },
    "node_modules/qs": {
      "version": "6.11.2",
      "license": "BSD-3-Clause",
      "dependencies": {
        "side-channel": "^1.0.4"
      },
      "engines": {
        "node": ">=0.6"
      },
      "funding": {
        "url": "https://github.com/sponsors/ljharb"
      }
    },
    "node_modules/side-channel": {
      "version": "1.0.4",
      "license": "MIT",
      "dependencies": {
        "call-bind": "^1.0.0",
        "get-intrinsic": "^1.0.2",
        "object-inspect": "^1.9.0"
      },
      "funding": {
        "url": "https://github.com/sponsors/ljharb"
      }
    },
    "node_modules/url": {
      "version": "0.11.1",
      "license": "MIT",
      "dependencies": {
        "punycode": "^1.4.1",
        "qs": "^6.11.0"
      }
    },
    "node_modules/url/node_modules/punycode": {
      "version": "1.4.1",
      "license": "MIT"
    },
    "node_modules/util": {
      "version": "0.10.4",
      "license": "MIT",
      "dependencies": {
        "inherits": "2.0.3"
      }
    },
    "node_modules/util/node_modules/inherits": {
      "version": "2.0.3",
      "license": "ISC"
    }
  },
  "dependencies": {
    "@lambdatest/smartui-core": {
      "version": "file:../core",
      "requires": {
        "axios": "^1.4.0",
        "chalk": "^5.3.0",
        "cli-table3": "^0.6.3",
        "playwright": "^1.36.1"
      },
      "dependencies": {
        "@colors/colors": {
          "version": "1.5.0",
          "dev": true,
          "optional": true
        },
        "asynckit": {
          "version": "0.4.0",
          "dev": true
        },
        "axios": {
          "version": "1.4.0",
          "dev": true,
          "requires": {
            "follow-redirects": "^1.15.0",
            "form-data": "^4.0.0",
            "proxy-from-env": "^1.1.0"
          }
        },
        "chalk": {
          "version": "5.3.0",
          "dev": true
        },
        "cli-table3": {
          "version": "0.6.3",
          "dev": true,
          "requires": {
            "@colors/colors": "1.5.0",
            "string-width": "^4.2.0"
          },
          "dependencies": {
            "ansi-regex": {
              "version": "5.0.1",
              "dev": true
            },
            "emoji-regex": {
              "version": "8.0.0",
              "dev": true
            },
            "string-width": {
              "version": "4.2.3",
              "dev": true,
              "requires": {
                "emoji-regex": "^8.0.0",
                "is-fullwidth-code-point": "^3.0.0",
                "strip-ansi": "^6.0.1"
              }
            },
            "strip-ansi": {
              "version": "6.0.1",
              "dev": true,
              "requires": {
                "ansi-regex": "^5.0.1"
              }
            }
          }
        },
        "combined-stream": {
          "version": "1.0.8",
          "dev": true,
          "requires": {
            "delayed-stream": "~1.0.0"
          }
        },
        "delayed-stream": {
          "version": "1.0.0",
          "dev": true
        },
        "follow-redirects": {
          "version": "1.15.2",
          "dev": true
        },
        "form-data": {
          "version": "4.0.0",
          "dev": true,
          "requires": {
            "asynckit": "^0.4.0",
            "combined-stream": "^1.0.8",
            "mime-types": "^2.1.12"
          }
        },
        "is-fullwidth-code-point": {
          "version": "3.0.0",
          "dev": true
        },
        "mime-db": {
          "version": "1.52.0",
          "dev": true
        },
        "mime-types": {
          "version": "2.1.35",
          "dev": true,
          "requires": {
            "mime-db": "1.52.0"
          }
        },
        "playwright": {
          "version": "1.36.1",
          "dev": true,
          "requires": {
            "playwright-core": "1.36.1"
          }
        },
        "playwright-core": {
          "version": "1.36.1",
          "dev": true
        },
        "proxy-from-env": {
          "version": "1.1.0",
          "dev": true
        }
      }
    },
    "@lambdatest/smartui-logger": {
      "version": "file:../logger",
      "requires": {
        "chalk": "^5.3.0",
        "winston": "^3.10.0"
      },
      "dependencies": {
        "@colors/colors": {
          "version": "1.5.0",
          "dev": true
        },
        "@dabh/diagnostics": {
          "version": "2.0.3",
          "dev": true,
          "requires": {
            "colorspace": "1.1.x",
            "enabled": "2.0.x",
            "kuler": "^2.0.0"
          }
        },
        "@types/triple-beam": {
          "version": "1.3.2",
          "dev": true
        },
        "async": {
          "version": "3.2.4",
          "dev": true
        },
        "chalk": {
          "version": "5.3.0",
          "dev": true
        },
        "color": {
          "version": "3.2.1",
          "dev": true,
          "requires": {
            "color-convert": "^1.9.3",
            "color-string": "^1.6.0"
          }
        },
        "color-convert": {
          "version": "1.9.3",
          "dev": true,
          "requires": {
            "color-name": "1.1.3"
          }
        },
        "color-name": {
          "version": "1.1.3",
          "dev": true
        },
        "color-string": {
          "version": "1.9.1",
          "dev": true,
          "requires": {
            "color-name": "^1.0.0",
            "simple-swizzle": "^0.2.2"
          }
        },
        "colorspace": {
          "version": "1.1.4",
          "dev": true,
          "requires": {
            "color": "^3.1.3",
            "text-hex": "1.0.x"
          }
        },
        "enabled": {
          "version": "2.0.0",
          "dev": true
        },
        "fecha": {
          "version": "4.2.3",
          "dev": true
        },
        "fn.name": {
          "version": "1.1.0",
          "dev": true
        },
        "inherits": {
          "version": "2.0.4",
          "dev": true
        },
        "is-arrayish": {
          "version": "0.3.2",
          "dev": true
        },
        "is-stream": {
          "version": "2.0.1",
          "dev": true
        },
        "kuler": {
          "version": "2.0.0",
          "dev": true
        },
        "logform": {
          "version": "2.5.1",
          "dev": true,
          "requires": {
            "@colors/colors": "1.5.0",
            "@types/triple-beam": "^1.3.2",
            "fecha": "^4.2.0",
            "ms": "^2.1.1",
            "safe-stable-stringify": "^2.3.1",
            "triple-beam": "^1.3.0"
          }
        },
        "ms": {
          "version": "2.1.3",
          "dev": true
        },
        "one-time": {
          "version": "1.0.0",
          "dev": true,
          "requires": {
            "fn.name": "1.x.x"
          }
        },
        "readable-stream": {
          "version": "3.6.2",
          "dev": true,
          "requires": {
            "inherits": "^2.0.3",
            "string_decoder": "^1.1.1",
            "util-deprecate": "^1.0.1"
          }
        },
        "safe-buffer": {
          "version": "5.2.1",
          "dev": true
        },
        "safe-stable-stringify": {
          "version": "2.4.3",
          "dev": true
        },
        "simple-swizzle": {
          "version": "0.2.2",
          "dev": true,
          "requires": {
            "is-arrayish": "^0.3.1"
          }
        },
        "stack-trace": {
          "version": "0.0.10",
          "dev": true
        },
        "string_decoder": {
          "version": "1.3.0",
          "dev": true,
          "requires": {
            "safe-buffer": "~5.2.0"
          }
        },
        "text-hex": {
          "version": "1.0.0",
          "dev": true
        },
        "triple-beam": {
          "version": "1.4.1",
          "dev": true
        },
        "util-deprecate": {
          "version": "1.0.2",
          "dev": true
        },
        "winston": {
          "version": "3.10.0",
          "dev": true,
          "requires": {
            "@colors/colors": "1.5.0",
            "@dabh/diagnostics": "^2.0.2",
            "async": "^3.2.3",
            "is-stream": "^2.0.0",
            "logform": "^2.4.0",
            "one-time": "^1.0.0",
            "readable-stream": "^3.4.0",
            "safe-stable-stringify": "^2.3.1",
            "stack-trace": "0.0.x",
            "triple-beam": "^1.3.0",
            "winston-transport": "^4.5.0"
          }
        },
        "winston-transport": {
          "version": "4.5.0",
          "dev": true,
          "requires": {
            "logform": "^2.3.2",
            "readable-stream": "^3.6.0",
            "triple-beam": "^1.3.0"
          }
        }
      }
    },
    "call-bind": {
      "version": "1.0.2",
      "requires": {
        "function-bind": "^1.1.1",
        "get-intrinsic": "^1.0.2"
      }
    },
    "commander": {
      "version": "11.0.0"
    },
    "fs": {
      "version": "0.0.1-security"
    },
    "function-bind": {
      "version": "1.1.1"
    },
    "get-intrinsic": {
      "version": "1.2.1",
      "requires": {
        "function-bind": "^1.1.1",
        "has": "^1.0.3",
        "has-proto": "^1.0.1",
        "has-symbols": "^1.0.3"
      }
    },
    "has": {
      "version": "1.0.3",
      "requires": {
        "function-bind": "^1.1.1"
      }
    },
    "has-proto": {
      "version": "1.0.1"
    },
    "has-symbols": {
      "version": "1.0.3"
    },
    "object-inspect": {
      "version": "1.12.3"
    },
    "path": {
      "version": "0.12.7",
      "requires": {
        "process": "^0.11.1",
        "util": "^0.10.3"
      }
    },
    "process": {
      "version": "0.11.10"
    },
    "qs": {
      "version": "6.11.2",
      "requires": {
        "side-channel": "^1.0.4"
      }
    },
    "side-channel": {
      "version": "1.0.4",
      "requires": {
        "call-bind": "^1.0.0",
        "get-intrinsic": "^1.0.2",
        "object-inspect": "^1.9.0"
      }
    },
    "url": {
      "version": "0.11.1",
      "requires": {
        "punycode": "^1.4.1",
        "qs": "^6.11.0"
      },
      "dependencies": {
        "punycode": {
          "version": "1.4.1"
        }
      }
    },
    "util": {
      "version": "0.10.4",
      "requires": {
        "inherits": "2.0.3"
      },
      "dependencies": {
        "inherits": {
          "version": "2.0.3"
        }
      }
    }
  }
}
